{
  "nodes": {
    "flake-parts": {
      "inputs": {
        "nixpkgs-lib": "nixpkgs-lib"
      },
      "locked": {
        "lastModified": 1743550720,
        "narHash": "sha256-hIshGgKZCgWh6AYJpJmRgFdR3WUbkY04o82X05xqQiY=",
        "owner": "hercules-ci",
        "repo": "flake-parts",
        "rev": "c621e8422220273271f52058f618c94e405bb0f5",
        "type": "github"
      },
      "original": {
        "owner": "hercules-ci",
        "repo": "flake-parts",
        "type": "github"
      }
    },
    "flake-utils": {
      "locked": {
        "lastModified": 1659877975,
        "narHash": "sha256-zllb8aq3YO3h8B/U0/J1WBgAL8EX5yWf5pMj3G0NAmc=",
        "owner": "numtide",
        "repo": "flake-utils",
        "rev": "c0e246b9b83f637f4681389ecabcb2681b4f3af0",
        "type": "github"
      },
      "original": {
        "owner": "numtide",
        "repo": "flake-utils",
        "type": "github"
      }
    },
    "geospatial": {
      "inputs": {
        "flake-parts": "flake-parts",
        "nixgl": "nixgl",
        "nixpkgs": "nixpkgs"
      },
      "locked": {
        "lastModified": 1743675844,
        "narHash": "sha256-rGE3uqAEiavsvqUSO8DPz0TbeLfKDTvcynxSpxL5GbQ=",
        "owner": "imincik",
        "repo": "geospatial-nix.repo",
        "rev": "85a10334e55b13e5ecdfb5f1875cb6ca56ba3ba0",
        "type": "github"
      },
      "original": {
        "owner": "imincik",
        "repo": "geospatial-nix.repo",
        "type": "github"
      }
    },
    "nixgl": {
      "inputs": {
        "flake-utils": "flake-utils",
        "nixpkgs": [
          "geospatial",
          "nixpkgs"
        ]
      },
      "locked": {
        "lastModified": 1713543440,
        "narHash": "sha256-lnzZQYG0+EXl/6NkGpyIz+FEOc/DSEG57AP1VsdeNrM=",
        "owner": "nix-community",
        "repo": "nixGL",
        "rev": "310f8e49a149e4c9ea52f1adf70cdc768ec53f8a",
        "type": "github"
      },
      "original": {
        "owner": "nix-community",
        "repo": "nixGL",
        "type": "github"
      }
    },
    "nixpkgs": {
      "locked": {
        "lastModified": 1743568003,
        "narHash": "sha256-ZID5T65E8ruHqWRcdvZLsczWDOAWIE7om+vQOREwiX0=",
        "owner": "NixOS",
        "repo": "nixpkgs",
        "rev": "b7ba7f9f45c5cd0d8625e9e217c28f8eb6a19a76",
        "type": "github"
      },
      "original": {
        "owner": "NixOS",
        "ref": "nixpkgs-unstable",
        "repo": "nixpkgs",
        "type": "github"
      }
    },
    "nixpkgs-lib": {
      "locked": {
        "lastModified": 1743296961,
        "narHash": "sha256-b1EdN3cULCqtorQ4QeWgLMrd5ZGOjLSLemfa00heasc=",
        "owner": "nix-community",
        "repo": "nixpkgs.lib",
        "rev": "e4822aea2a6d1cdd36653c134cacfd64c97ff4fa",
        "type": "github"
      },
      "original": {
        "owner": "nix-community",
        "repo": "nixpkgs.lib",
        "type": "github"
      }
    },
    "root": {
      "inputs": {
        "geospatial": "geospatial",
        "nixpkgs": [
          "geospatial",
          "nixpkgs"
        ]
      }
    }
  },
  "root": "root",
  "version": 7
}
