{
  "nodes": {
    "flake-parts": {
      "inputs": {
        "nixpkgs-lib": "nixpkgs-lib"
      },
      "locked": {
        "lastModified": 1749398372,
        "narHash": "sha256-tYBdgS56eXYaWVW3fsnPQ/nFlgWi/Z2Ymhyu21zVM98=",
        "owner": "hercules-ci",
        "repo": "flake-parts",
        "rev": "9305fe4e5c2a6fcf5ba6a3ff155720fbe4076569",
        "type": "github"
      },
      "original": {
        "owner": "hercules-ci",
        "repo": "flake-parts",
        "type": "github"
      }
    },
    "flake-parts_2": {
      "inputs": {
        "nixpkgs-lib": "nixpkgs-lib_2"
      },
      "locked": {
        "lastModified": 1743550720,
        "narHash": "sha256-hIshGgKZCgWh6AYJpJmRgFdR3WUbkY04o82X05xqQiY=",
        "owner": "hercules-ci",
        "repo": "flake-parts",
        "rev": "c621e8422220273271f52058f618c94e405bb0f5",
        "type": "github"
      },
      "original": {
        "id": "flake-parts",
        "type": "indirect"
      }
    },
    "flake-utils": {
      "locked": {
        "lastModified": 1659877975,
        "narHash": "sha256-zllb8aq3YO3h8B/U0/J1WBgAL8EX5yWf5pMj3G0NAmc=",
        "owner": "numtide",
        "repo": "flake-utils",
        "rev": "c0e246b9b83f637f4681389ecabcb2681b4f3af0",
        "type": "github"
      },
      "original": {
        "owner": "numtide",
        "repo": "flake-utils",
        "type": "github"
      }
    },
    "geospatial": {
      "inputs": {
        "flake-parts": "flake-parts",
        "nixgl": "nixgl",
        "nixpkgs": "nixpkgs"
      },
      "locked": {
        "lastModified": 1750326958,
        "narHash": "sha256-WNqu9UCVcISCUbU0pLtpvF4/9xeu3o81bOS3mrpO9dQ=",
        "owner": "imincik",
        "repo": "geospatial-nix.repo",
        "rev": "b3db4126807405bf53432d83bcc05f4d0359d5b0",
        "type": "github"
      },
      "original": {
        "owner": "imincik",
        "repo": "geospatial-nix.repo",
        "type": "github"
      }
    },
    "nixgl": {
      "inputs": {
        "flake-utils": "flake-utils",
        "nixpkgs": [
          "geospatial",
          "nixpkgs"
        ]
      },
      "locked": {
        "lastModified": 1713543440,
        "narHash": "sha256-lnzZQYG0+EXl/6NkGpyIz+FEOc/DSEG57AP1VsdeNrM=",
        "owner": "nix-community",
        "repo": "nixGL",
        "rev": "310f8e49a149e4c9ea52f1adf70cdc768ec53f8a",
        "type": "github"
      },
      "original": {
        "owner": "nix-community",
        "repo": "nixGL",
        "type": "github"
      }
    },
    "nixpkgs": {
      "locked": {
        "lastModified": 1750215678,
        "narHash": "sha256-Rc/ytpamXRf6z8UA2SGa4aaWxUXRbX2MAWIu2C8M+ok=",
        "owner": "NixOS",
        "repo": "nixpkgs",
        "rev": "5395fb3ab3f97b9b7abca147249fa2e8ed27b192",
        "type": "github"
      },
      "original": {
        "owner": "NixOS",
        "ref": "nixpkgs-unstable",
        "repo": "nixpkgs",
        "type": "github"
      }
    },
    "nixpkgs-lib": {
      "locked": {
        "lastModified": 1748740939,
        "narHash": "sha256-rQaysilft1aVMwF14xIdGS3sj1yHlI6oKQNBRTF40cc=",
        "owner": "nix-community",
        "repo": "nixpkgs.lib",
        "rev": "656a64127e9d791a334452c6b6606d17539476e2",
        "type": "github"
      },
      "original": {
        "owner": "nix-community",
        "repo": "nixpkgs.lib",
        "type": "github"
      }
    },
    "nixpkgs-lib_2": {
      "locked": {
        "lastModified": 1743296961,
        "narHash": "sha256-b1EdN3cULCqtorQ4QeWgLMrd5ZGOjLSLemfa00heasc=",
        "owner": "nix-community",
        "repo": "nixpkgs.lib",
        "rev": "e4822aea2a6d1cdd36653c134cacfd64c97ff4fa",
        "type": "github"
      },
      "original": {
        "owner": "nix-community",
        "repo": "nixpkgs.lib",
        "type": "github"
      }
    },
    "nixpkgs_2": {
      "locked": {
        "lastModified": 1744868846,
        "narHash": "sha256-5RJTdUHDmj12Qsv7XOhuospjAjATNiTMElplWnJE9Hs=",
        "owner": "NixOS",
        "repo": "nixpkgs",
        "rev": "ebe4301cbd8f81c4f8d3244b3632338bbeb6d49c",
        "type": "github"
      },
      "original": {
        "owner": "NixOS",
        "ref": "nixpkgs-unstable",
        "repo": "nixpkgs",
        "type": "github"
      }
    },
    "qgis-upstream": {
      "inputs": {
        "flake-parts": "flake-parts_2",
        "nixpkgs": "nixpkgs_2"
      },
      "locked": {
        "lastModified": 1755208139,
        "narHash": "sha256-gAqLvVV5oaf1Kkg3du0Nb11sBnzCUkGJhUdqhAeH8uQ=",
        "owner": "qgis",
        "repo": "qgis",
        "rev": "5d379cd75fbdc084b74178542e833582e89df954",
        "type": "github"
      },
      "original": {
        "owner": "qgis",
        "repo": "qgis",
        "type": "github"
      }
    },
    "root": {
      "inputs": {
        "geospatial": "geospatial",
        "nixpkgs": [
          "geospatial",
          "nixpkgs"
        ],
        "qgis-upstream": "qgis-upstream"
      }
    }
  },
  "root": "root",
  "version": 7
}
